
Microsoft Visual Studio Solution File, Format Version 12.00
# Visual Studio Version 16
VisualStudioVersion = 16.0.31005.135
MinimumVisualStudioVersion = 10.0.40219.1
Project("{FAE04EC0-301F-11D3-BF4B-00C04F79EFBC}") = "Dms.Api", "Dms.Api\Dms.Api.csproj", "{BB67A2F9-71E2-4BB7-AA36-001B9085E108}"
EndProject
Global
	GlobalSection(SolutionConfigurationPlatforms) = preSolution
		Debug|Any CPU = Debug|Any CPU
		Release|Any CPU = Release|Any CPU
	EndGlobalSection
	GlobalSection(ProjectConfigurationPlatforms) = postSolution
		{BB67A2F9-71E2-4BB7-AA36-001B9085E108}.Debug|Any CPU.ActiveCfg = Debug|Any CPU
		{BB67A2F9-71E2-4BB7-AA36-001B9085E108}.Debug|Any CPU.Build.0 = Debug|Any CPU
		{BB67A2F9-71E2-4BB7-AA36-001B9085E108}.Release|Any CPU.ActiveCfg = Release|Any CPU
		{BB67A2F9-71E2-4BB7-AA36-001B9085E108}.Release|Any CPU.Build.0 = Release|Any CPU
	EndGlobalSection
	GlobalSection(SolutionProperties) = preSolution
		HideSolutionNode = FALSE
	EndGlobalSection
	GlobalSection(ExtensibilityGlobals) = postSolution
		SolutionGuid = {FDB59CAF-089B-48EB-AD76-CBEFA009AD92}
	EndGlobalSection
EndGlobal
